
Microsoft Visual Studio Solution File, Format Version 12.00
# Visual Studio 15
VisualStudioVersion = 15.0.26430.16
MinimumVisualStudioVersion = 10.0.40219.1
Project("{FAE04EC0-301F-11D3-BF4B-00C04F79EFBC}") = "Blog", "Blog\Blog.csproj", "{AAF447D5-2CB3-445E-873C-4582FA74B81C}"
EndProject
Project("{FAE04EC0-301F-11D3-BF4B-00C04F79EFBC}") = "Blog.Services", "Blog.Services\Blog.Services.csproj", "{A0054B1C-7850-4077-B21F-DED4E4961472}"
EndProject
Project("{FAE04EC0-301F-11D3-BF4B-00C04F79EFBC}") = "Blog.DataAccess", "Blog.DataAccess\Blog.DataAccess.csproj", "{1B92D89D-8310-45D3-964E-0D12C4F6D20D}"
EndProject
Project("{FAE04EC0-301F-11D3-BF4B-00C04F79EFBC}") = "Blog.Contrats", "Blog.Contrats\Blog.Contrats.csproj", "{8BBF649C-3886-4937-8043-0942AC038218}"
EndProject
Global
	GlobalSection(SolutionConfigurationPlatforms) = preSolution
		Debug|Any CPU = Debug|Any CPU
		Release|Any CPU = Release|Any CPU
	EndGlobalSection
	GlobalSection(ProjectConfigurationPlatforms) = postSolution
		{AAF447D5-2CB3-445E-873C-4582FA74B81C}.Debug|Any CPU.ActiveCfg = Debug|Any CPU
		{AAF447D5-2CB3-445E-873C-4582FA74B81C}.Debug|Any CPU.Build.0 = Debug|Any CPU
		{AAF447D5-2CB3-445E-873C-4582FA74B81C}.Release|Any CPU.ActiveCfg = Release|Any CPU
		{AAF447D5-2CB3-445E-873C-4582FA74B81C}.Release|Any CPU.Build.0 = Release|Any CPU
		{A0054B1C-7850-4077-B21F-DED4E4961472}.Debug|Any CPU.ActiveCfg = Debug|Any CPU
		{A0054B1C-7850-4077-B21F-DED4E4961472}.Debug|Any CPU.Build.0 = Debug|Any CPU
		{A0054B1C-7850-4077-B21F-DED4E4961472}.Release|Any CPU.ActiveCfg = Release|Any CPU
		{A0054B1C-7850-4077-B21F-DED4E4961472}.Release|Any CPU.Build.0 = Release|Any CPU
		{1B92D89D-8310-45D3-964E-0D12C4F6D20D}.Debug|Any CPU.ActiveCfg = Debug|Any CPU
		{1B92D89D-8310-45D3-964E-0D12C4F6D20D}.Debug|Any CPU.Build.0 = Debug|Any CPU
		{1B92D89D-8310-45D3-964E-0D12C4F6D20D}.Release|Any CPU.ActiveCfg = Release|Any CPU
		{1B92D89D-8310-45D3-964E-0D12C4F6D20D}.Release|Any CPU.Build.0 = Release|Any CPU
		{8BBF649C-3886-4937-8043-0942AC038218}.Debug|Any CPU.ActiveCfg = Debug|Any CPU
		{8BBF649C-3886-4937-8043-0942AC038218}.Debug|Any CPU.Build.0 = Debug|Any CPU
		{8BBF649C-3886-4937-8043-0942AC038218}.Release|Any CPU.ActiveCfg = Release|Any CPU
		{8BBF649C-3886-4937-8043-0942AC038218}.Release|Any CPU.Build.0 = Release|Any CPU
	EndGlobalSection
	GlobalSection(SolutionProperties) = preSolution
		HideSolutionNode = FALSE
	EndGlobalSection
EndGlobal
